
Microsoft Visual Studio Solution File, Format Version 12.00
# Visual Studio Version 17
VisualStudioVersion = 17.14.36518.9 d17.14
MinimumVisualStudioVersion = 10.0.40219.1
Project("{FAE04EC0-301F-11D3-BF4B-00C04F79EFBC}") = "ProyectoFigma", "ProyectoFigma\ProyectoFigma.csproj", "{38715351-7430-437D-9CD7-8E78457566A7}"
EndProject
Global
	GlobalSection(SolutionConfigurationPlatforms) = preSolution
		Debug|Any CPU = Debug|Any CPU
		Release|Any CPU = Release|Any CPU
	EndGlobalSection
	GlobalSection(ProjectConfigurationPlatforms) = postSolution
		{38715351-7430-437D-9CD7-8E78457566A7}.Debug|Any CPU.ActiveCfg = Debug|Any CPU
		{38715351-7430-437D-9CD7-8E78457566A7}.Debug|Any CPU.Build.0 = Debug|Any CPU
		{38715351-7430-437D-9CD7-8E78457566A7}.Release|Any CPU.ActiveCfg = Release|Any CPU
		{38715351-7430-437D-9CD7-8E78457566A7}.Release|Any CPU.Build.0 = Release|Any CPU
	EndGlobalSection
	GlobalSection(SolutionProperties) = preSolution
		HideSolutionNode = FALSE
	EndGlobalSection
	GlobalSection(ExtensibilityGlobals) = postSolution
		SolutionGuid = {6EB8E523-CB5D-4444-80A4-17B29BF5FB1D}
	EndGlobalSection
EndGlobal
